
Microsoft Visual Studio Solution File, Format Version 12.00
# Visual Studio Version 17
VisualStudioVersion = 17.3.32901.215
MinimumVisualStudioVersion = 10.0.40219.1
Project("{FAE04EC0-301F-11D3-BF4B-00C04F79EFBC}") = "NZWalks.API", "NZWalks.API\NZWalks.API.csproj", "{EEAA2788-AF5E-4EE8-9599-FC5E2E697A10}"
EndProject
Global
	GlobalSection(SolutionConfigurationPlatforms) = preSolution
		Debug|Any CPU = Debug|Any CPU
		Release|Any CPU = Release|Any CPU
	EndGlobalSection
	GlobalSection(ProjectConfigurationPlatforms) = postSolution
		{EEAA2788-AF5E-4EE8-9599-FC5E2E697A10}.Debug|Any CPU.ActiveCfg = Debug|Any CPU
		{EEAA2788-AF5E-4EE8-9599-FC5E2E697A10}.Debug|Any CPU.Build.0 = Debug|Any CPU
		{EEAA2788-AF5E-4EE8-9599-FC5E2E697A10}.Release|Any CPU.ActiveCfg = Release|Any CPU
		{EEAA2788-AF5E-4EE8-9599-FC5E2E697A10}.Release|Any CPU.Build.0 = Release|Any CPU
	EndGlobalSection
	GlobalSection(SolutionProperties) = preSolution
		HideSolutionNode = FALSE
	EndGlobalSection
	GlobalSection(ExtensibilityGlobals) = postSolution
		SolutionGuid = {8535B451-89B0-4A3C-B267-EF35E2F54DB7}
	EndGlobalSection
EndGlobal
